
Microsoft Visual Studio Solution File, Format Version 12.00
# Visual Studio Version 16
VisualStudioVersion = 16.0.32407.337
MinimumVisualStudioVersion = 10.0.40219.1
Project("{FAE04EC0-301F-11D3-BF4B-00C04F79EFBC}") = "Task3", "Task3\Task3.csproj", "{065F6FE7-395C-498A-B311-D7EB7E2C7F69}"
EndProject
Global
	GlobalSection(SolutionConfigurationPlatforms) = preSolution
		Debug|Any CPU = Debug|Any CPU
		Release|Any CPU = Release|Any CPU
	EndGlobalSection
	GlobalSection(ProjectConfigurationPlatforms) = postSolution
		{065F6FE7-395C-498A-B311-D7EB7E2C7F69}.Debug|Any CPU.ActiveCfg = Debug|Any CPU
		{065F6FE7-395C-498A-B311-D7EB7E2C7F69}.Debug|Any CPU.Build.0 = Debug|Any CPU
		{065F6FE7-395C-498A-B311-D7EB7E2C7F69}.Release|Any CPU.ActiveCfg = Release|Any CPU
		{065F6FE7-395C-498A-B311-D7EB7E2C7F69}.Release|Any CPU.Build.0 = Release|Any CPU
	EndGlobalSection
	GlobalSection(SolutionProperties) = preSolution
		HideSolutionNode = FALSE
	EndGlobalSection
	GlobalSection(ExtensibilityGlobals) = postSolution
		SolutionGuid = {ED32534D-CB7E-4B9A-BB85-C8D85CC066EA}
	EndGlobalSection
EndGlobal
