
Microsoft Visual Studio Solution File, Format Version 12.00
# Visual Studio Version 16
VisualStudioVersion = 16.0.32407.337
MinimumVisualStudioVersion = 10.0.40219.1
Project("{FAE04EC0-301F-11D3-BF4B-00C04F79EFBC}") = "Tsk7", "Tsk7\Tsk7.csproj", "{3E89036A-747C-4EA3-9C15-A6CC4034C368}"
EndProject
Global
	GlobalSection(SolutionConfigurationPlatforms) = preSolution
		Debug|Any CPU = Debug|Any CPU
		Release|Any CPU = Release|Any CPU
	EndGlobalSection
	GlobalSection(ProjectConfigurationPlatforms) = postSolution
		{3E89036A-747C-4EA3-9C15-A6CC4034C368}.Debug|Any CPU.ActiveCfg = Debug|Any CPU
		{3E89036A-747C-4EA3-9C15-A6CC4034C368}.Debug|Any CPU.Build.0 = Debug|Any CPU
		{3E89036A-747C-4EA3-9C15-A6CC4034C368}.Release|Any CPU.ActiveCfg = Release|Any CPU
		{3E89036A-747C-4EA3-9C15-A6CC4034C368}.Release|Any CPU.Build.0 = Release|Any CPU
	EndGlobalSection
	GlobalSection(SolutionProperties) = preSolution
		HideSolutionNode = FALSE
	EndGlobalSection
	GlobalSection(ExtensibilityGlobals) = postSolution
		SolutionGuid = {7CEA021B-C7D2-4A43-A278-34FCAAE4DA8D}
	EndGlobalSection
EndGlobal
